# This file is automatically @generated by Poetry 1.5.0 and should not be changed by hand.

[[package]]
name = "commentjson"
version = "0.9.0"
description = "Add Python and JavaScript style comments in your JSON files."
optional = false
python-versions = "*"
files = [
    {file = "commentjson-0.9.0.tar.gz", hash = "sha256:42f9f231d97d93aff3286a4dc0de39bfd91ae823d1d9eba9fa901fe0c7113dd4"},
]

[package.dependencies]
lark-parser = ">=0.7.1,<0.8.0"

[[package]]
name = "lark-parser"
version = "0.7.8"
description = "a modern parsing library"
optional = false
python-versions = "*"
files = [
    {file = "lark-parser-0.7.8.tar.gz", hash = "sha256:26215ebb157e6fb2ee74319aa4445b9f3b7e456e26be215ce19fdaaa901c20a4"},
]

[[package]]
name = "mergedeep"
version = "1.3.4"
description = "A deep merge function for 🐍."
optional = false
python-versions = ">=3.6"
files = [
    {file = "mergedeep-1.3.4-py3-none-any.whl", hash = "sha256:70775750742b25c0d8f36c55aed03d24c3384d17c951b3175d898bd778ef0307"},
    {file = "mergedeep-1.3.4.tar.gz", hash = "sha256:0096d52e9dad9939c3d975a774666af186eda617e6ca84df4c94dec30004f2a8"},
]

[metadata]
lock-version = "2.0"
python-versions = "^3.9"
content-hash = "a029ce273898453a96a387721c0356371fa46c86d8b88c684b1be605a28ae3cf"
